
Microsoft Visual Studio Solution File, Format Version 12.00
# Visual Studio Version 16
VisualStudioVersion = 16.0.32413.511
MinimumVisualStudioVersion = 10.0.40219.1
Project("{FAE04EC0-301F-11D3-BF4B-00C04F79EFBC}") = "Exception Handling Assignment", "Exception Handling Assignment\Exception Handling Assignment.csproj", "{97C04E41-1AB6-4C1F-A2D7-91F4F6CB43F7}"
EndProject
Global
	GlobalSection(SolutionConfigurationPlatforms) = preSolution
		Debug|Any CPU = Debug|Any CPU
		Release|Any CPU = Release|Any CPU
	EndGlobalSection
	GlobalSection(ProjectConfigurationPlatforms) = postSolution
		{97C04E41-1AB6-4C1F-A2D7-91F4F6CB43F7}.Debug|Any CPU.ActiveCfg = Debug|Any CPU
		{97C04E41-1AB6-4C1F-A2D7-91F4F6CB43F7}.Debug|Any CPU.Build.0 = Debug|Any CPU
		{97C04E41-1AB6-4C1F-A2D7-91F4F6CB43F7}.Release|Any CPU.ActiveCfg = Release|Any CPU
		{97C04E41-1AB6-4C1F-A2D7-91F4F6CB43F7}.Release|Any CPU.Build.0 = Release|Any CPU
	EndGlobalSection
	GlobalSection(SolutionProperties) = preSolution
		HideSolutionNode = FALSE
	EndGlobalSection
	GlobalSection(ExtensibilityGlobals) = postSolution
		SolutionGuid = {8FD192DD-8F9A-4B95-B3FB-9DAED4296803}
	EndGlobalSection
EndGlobal
