
Microsoft Visual Studio Solution File, Format Version 12.00
# Visual Studio Version 16
VisualStudioVersion = 16.0.32413.511
MinimumVisualStudioVersion = 10.0.40219.1
Project("{FAE04EC0-301F-11D3-BF4B-00C04F79EFBC}") = "Enums Assignment", "Enums Assignment\Enums Assignment.csproj", "{D22078D2-FA02-4A8C-B9D2-D5B4A0FFDFA8}"
EndProject
Global
	GlobalSection(SolutionConfigurationPlatforms) = preSolution
		Debug|Any CPU = Debug|Any CPU
		Release|Any CPU = Release|Any CPU
	EndGlobalSection
	GlobalSection(ProjectConfigurationPlatforms) = postSolution
		{D22078D2-FA02-4A8C-B9D2-D5B4A0FFDFA8}.Debug|Any CPU.ActiveCfg = Debug|Any CPU
		{D22078D2-FA02-4A8C-B9D2-D5B4A0FFDFA8}.Debug|Any CPU.Build.0 = Debug|Any CPU
		{D22078D2-FA02-4A8C-B9D2-D5B4A0FFDFA8}.Release|Any CPU.ActiveCfg = Release|Any CPU
		{D22078D2-FA02-4A8C-B9D2-D5B4A0FFDFA8}.Release|Any CPU.Build.0 = Release|Any CPU
	EndGlobalSection
	GlobalSection(SolutionProperties) = preSolution
		HideSolutionNode = FALSE
	EndGlobalSection
	GlobalSection(ExtensibilityGlobals) = postSolution
		SolutionGuid = {E355A74E-7648-465D-85CD-602EFD6285FF}
	EndGlobalSection
EndGlobal
