
Microsoft Visual Studio Solution File, Format Version 12.00
# Visual Studio Version 16
VisualStudioVersion = 16.0.32413.511
MinimumVisualStudioVersion = 10.0.40219.1
Project("{FAE04EC0-301F-11D3-BF4B-00C04F79EFBC}") = "Exception Assignment", "Exception Assignment\Exception Assignment.csproj", "{9C207FBE-04C1-4A14-A32F-3027E3CF773B}"
EndProject
Global
	GlobalSection(SolutionConfigurationPlatforms) = preSolution
		Debug|Any CPU = Debug|Any CPU
		Release|Any CPU = Release|Any CPU
	EndGlobalSection
	GlobalSection(ProjectConfigurationPlatforms) = postSolution
		{9C207FBE-04C1-4A14-A32F-3027E3CF773B}.Debug|Any CPU.ActiveCfg = Debug|Any CPU
		{9C207FBE-04C1-4A14-A32F-3027E3CF773B}.Debug|Any CPU.Build.0 = Debug|Any CPU
		{9C207FBE-04C1-4A14-A32F-3027E3CF773B}.Release|Any CPU.ActiveCfg = Release|Any CPU
		{9C207FBE-04C1-4A14-A32F-3027E3CF773B}.Release|Any CPU.Build.0 = Release|Any CPU
	EndGlobalSection
	GlobalSection(SolutionProperties) = preSolution
		HideSolutionNode = FALSE
	EndGlobalSection
	GlobalSection(ExtensibilityGlobals) = postSolution
		SolutionGuid = {DB24F4D6-B856-415D-B3E1-372250A4DE89}
	EndGlobalSection
EndGlobal
